# THIS IS AN AUTOGENERATED FILE. DO NOT EDIT THIS FILE DIRECTLY.
# yarn lockfile v1


"@babel/code-frame@^7.0.0-beta.35":
  version "7.0.0-beta.55"
  resolved "https://registry.yarnpkg.com/@babel/code-frame/-/code-frame-7.0.0-beta.55.tgz#71f530e7b010af5eb7a7df7752f78921dd57e9ee"
  integrity sha1-cfUw57AQr163p993UveJId1X6e4=
  dependencies:
    "@babel/highlight" "7.0.0-beta.55"

"@babel/highlight@7.0.0-beta.55":
  version "7.0.0-beta.55"
  resolved "https://registry.yarnpkg.com/@babel/highlight/-/highlight-7.0.0-beta.55.tgz#988653647d629c261dae156e74d5f0252ba520c0"
  integrity sha1-mIZTZH1inCYdrhVudNXwJSulIMA=
  dependencies:
    chalk "^2.0.0"
    esutils "^2.0.2"
    js-tokens "^3.0.0"

"@gulp-sourcemaps/identity-map@1.X":
  version "1.0.2"
  resolved "https://registry.yarnpkg.com/@gulp-sourcemaps/identity-map/-/identity-map-1.0.2.tgz#1e6fe5d8027b1f285dc0d31762f566bccd73d5a9"
  integrity sha512-ciiioYMLdo16ShmfHBXJBOFm3xPC4AuwO4xeRpFeHz7WK9PYsWCmigagG2XyzZpubK4a3qNKoUBDhbzHfa50LQ==
  dependencies:
    acorn "^5.0.3"
    css "^2.2.1"
    normalize-path "^2.1.1"
    source-map "^0.6.0"
    through2 "^2.0.3"

"@gulp-sourcemaps/map-sources@1.X":
  version "1.0.0"
  resolved "https://registry.yarnpkg.com/@gulp-sourcemaps/map-sources/-/map-sources-1.0.0.tgz#890ae7c5d8c877f6d384860215ace9d7ec945bda"
  integrity sha1-iQrnxdjId/bThIYCFazp1+yUW9o=
  dependencies:
    normalize-path "^2.0.1"
    through2 "^2.0.3"

"@zkochan/cmd-shim@^3.1.0":
  version "3.1.0"
  resolved "https://registry.yarnpkg.com/@zkochan/cmd-shim/-/cmd-shim-3.1.0.tgz#2ab8ed81f5bb5452a85f25758eb9b8681982fd2e"
  integrity sha512-o8l0+x7C7sMZU3v9GuJIAU10qQLtwR1dtRQIOmlNMtyaqhmpXOzx1HWiYoWfmmf9HHZoAkXpc9TM9PQYF9d4Jg==
  dependencies:
    is-windows "^1.0.0"
    mkdirp-promise "^5.0.1"
    mz "^2.5.0"

abab@^1.0.4:
  version "1.0.4"
  resolved "https://registry.yarnpkg.com/abab/-/abab-1.0.4.tgz#5faad9c2c07f60dd76770f71cf025b62a63cfd4e"
  integrity sha1-X6rZwsB/YN12dw9xzwJbYqY8/U4=

abab@^2.0.0:
  version "2.0.0"
  resolved "https://registry.yarnpkg.com/abab/-/abab-2.0.0.tgz#aba0ab4c5eee2d4c79d3487d85450fb2376ebb0f"
  integrity sha512-sY5AXXVZv4Y1VACTtR11UJCPHHudgY5i26Qj5TypE6DKlIApbwb5uqhXcJ5UUGbvZNRh7EeIoW+LrJumBsKp7w==

abbrev@1:
  version "1.1.1"
  resolved "https://registry.yarnpkg.com/abbrev/-/abbrev-1.1.1.tgz#f8f2c887ad10bf67f634f005b6987fed3179aac8"
  integrity sha512-nne9/IiQ/hzIhY6pdDnbBtz7DjPTKrY00P/zvPSm5pOFkl6xuGrGnXn/VtTNNfNtAfZ9/1RtehkszU9qcTii0Q==

acorn-dynamic-import@^2.0.0:
  version "2.0.2"
  resolved "https://registry.yarnpkg.com/acorn-dynamic-import/-/acorn-dynamic-import-2.0.2.tgz#c752bd210bef679501b6c6cb7fc84f8f47158cc4"
  integrity sha1-x1K9IQvvZ5UBtsbLf8hPj0cVjMQ=
  dependencies:
    acorn "^4.0.3"

acorn-globals@^4.1.0:
  version "4.1.0"
  resolved "https://registry.yarnpkg.com/acorn-globals/-/acorn-globals-4.1.0.tgz#ab716025dbe17c54d3ef81d32ece2b2d99fe2538"
  integrity sha512-KjZwU26uG3u6eZcfGbTULzFcsoz6pegNKtHPksZPOUsiKo5bUmiBPa38FuHZ/Eun+XYh/JCCkS9AS3Lu4McQOQ==
  dependencies:
    acorn "^5.0.0"

acorn-jsx@^3.0.0:
  version "3.0.1"
  resolved "https://registry.yarnpkg.com/acorn-jsx/-/acorn-jsx-3.0.1.tgz#afdf9488fb1ecefc8348f6fb22f464e32a58b36b"
  integrity sha1-r9+UiPsezvyDSPb7IvRk4ypYs2s=
  dependencies:
    acorn "^3.0.4"

acorn@5.X, acorn@^5.0.0, acorn@^5.0.3, acorn@^5.5.0, acorn@^5.5.3:
  version "5.7.1"
  resolved "https://registry.yarnpkg.com/acorn/-/acorn-5.7.1.tgz#f095829297706a7c9776958c0afc8930a9b9d9d8"
  integrity sha512-d+nbxBUGKg7Arpsvbnlq61mc12ek3EY8EQldM3GPAhWJ1UVxC6TDGbIvUMNU6obBX3i1+ptCIzV4vq0gFPEGVQ==

yargs@~3.10.0:
  version "3.10.0"
  resolved "https://registry.yarnpkg.com/yargs/-/yargs-3.10.0.tgz#f7ee7bd857dd7c1d2d38c0e74efbd681d1431fd1"
  integrity sha1-9+572FfdfB0tOMDnTvvWgdFDH9E=
  dependencies:
    camelcase "^1.0.2"
    cliui "^2.1.0"
    decamelize "^1.0.0"
    window-size "0.1.0"

yn@^2.0.0:
  version "2.0.0"
  resolved "https://registry.yarnpkg.com/yn/-/yn-2.0.0.tgz#e5adabc8acf408f6385fc76495684c88e6af689a"
  integrity sha1-5a2ryKz0CPY4X8dklWhMiOavaJo=