# This file is generated by running "yarn install" inside your project.
# Manual changes might be lost - proceed with caution!

__metadata:
  version: 4

"@babel/code-frame@npm:7.5.5, @babel/code-frame@npm:^7.0.0, @babel/code-frame@npm:^7.5.5":
  version: 7.5.5
  resolution: "@babel/code-frame@npm:7.5.5"
  dependencies:
    "@babel/highlight": ^7.0.0
  checksum: 551cba5f44acd781f3dd96ce52c7477130ab30364d67cf738a6b35917bde64300b9be8efad1c068405ad7bd92197647214df5292cf8b51272af9fab59141ccc0
  languageName: node
  linkType: hard

"@babel/core@npm:7.6.0":
  version: 7.6.0
  resolution: "@babel/core@npm:7.6.0"
  dependencies:
    "@babel/code-frame": ^7.5.5
    "@babel/generator": ^7.6.0
    "@babel/helpers": ^7.6.0
    "@babel/parser": ^7.6.0
    "@babel/template": ^7.6.0
    "@babel/traverse": ^7.6.0
    "@babel/types": ^7.6.0
    convert-source-map: ^1.1.0
    debug: ^4.1.0
    json5: ^2.1.0
    lodash: ^4.17.13
    resolve: ^1.3.2
    semver: ^5.4.1
    source-map: ^0.5.0
  checksum: 53677ba5438549d0d57a4f98b3bbab6efb31aa8cce0c6d380821fb0b7b8bcd5947b881e1d3285a83523732ec72b9ad4a655bf0e49a97f0a6d1ed92553cc7daf5
  languageName: node
  linkType: hard

"@babel/core@npm:7.7.4, @babel/core@npm:^7.0.0, @babel/core@npm:^7.1.0, @babel/core@npm:^7.4.5":
  version: 7.7.4
  resolution: "@babel/core@npm:7.7.4"
  dependencies:
    "@babel/code-frame": ^7.5.5
    "@babel/generator": ^7.7.4
    "@babel/helpers": ^7.7.4
    "@babel/parser": ^7.7.4
    "@babel/template": ^7.7.4
    "@babel/traverse": ^7.7.4
    "@babel/types": ^7.7.4
    convert-source-map: ^1.7.0
    debug: ^4.1.0
    json5: ^2.1.0
    lodash: ^4.17.13
    resolve: ^1.3.2
    semver: ^5.4.1
    source-map: ^0.5.0
  checksum: 202b1f15d5dd619fa50bbaf1cb40917c51acf94a4f47f19452258a94cfabf9dbd6db74be89f674369ae86bda67becbb303c99f0c76cd3e91885e225de75041de
  languageName: node
  linkType: hard

"@babel/generator@npm:^7.4.0, @babel/generator@npm:^7.6.0, @babel/generator@npm:^7.7.4":
  version: 7.7.4
  resolution: "@babel/generator@npm:7.7.4"
  dependencies:
    "@babel/types": ^7.7.4
    jsesc: ^2.5.1
    lodash: ^4.17.13
    source-map: ^0.5.0
  checksum: f8cd1ea703d6a844ce51dc610bb12d5be0c6b417484aa1982d1f86c79293e55192397ed3e0b91c385a77f1090b9a6478f4d53d5e5f21d867bc22aab2432d7fd9
  languageName: node
  linkType: hard

"@babel/helper-annotate-as-pure@npm:^7.7.4":
  version: 7.7.4
  resolution: "@babel/helper-annotate-as-pure@npm:7.7.4"
  dependencies:
    "@babel/types": ^7.7.4
  checksum: 19bad401170dc9a445bda2c62d0fa918c4331b95e44d1af70c7bedb983c2698fd7d47345128feb1faf5c12bfc0ff09c53b04eddfec024798209b80156128286e
  languageName: node
  linkType: hard

"@babel/helper-builder-binary-assignment-operator-visitor@npm:^7.7.4":
  version: 7.7.4
  resolution: "@babel/helper-builder-binary-assignment-operator-visitor@npm:7.7.4"
  dependencies:
    "@babel/helper-explode-assignable-expression": ^7.7.4
    "@babel/types": ^7.7.4
  checksum: 3044415c244f33e1b2e96441db1ae1f3ca6b3fd2edc9f52b6808105154eb9da77f1df72c378330890ee0f3283aee56478d47cc9fd10ee94d838364e604280b9e
  languageName: node
  linkType: hard

"@babel/helper-builder-react-jsx@npm:^7.7.4":
  version: 7.7.4
  resolution: "@babel/helper-builder-react-jsx@npm:7.7.4"
  dependencies:
    "@babel/types": ^7.7.4
    esutils: ^2.0.0
  checksum: 894dcba7f2102b5d20c34e0169dc78754d71729d07ec30c6a705c029d90b6e2ce2970810f7530ddafde0d769023d29129a74ac8fb8299db0366702066e6e3fe5
  languageName: node
  linkType: hard

"@babel/helper-call-delegate@npm:^7.7.4":
  version: 7.7.4
  resolution: "@babel/helper-call-delegate@npm:7.7.4"
  dependencies:
    "@babel/helper-hoist-variables": ^7.7.4
    "@babel/traverse": ^7.7.4
    "@babel/types": ^7.7.4
  checksum: 8b60483993b58540c8aad2af1fc9f76c8b046d719fef131ae0eb401ff0919b6a4eca30d83a4d1774a6bfcc63b2332694a7ba051da23a232ca2892a07276a4607
  languageName: node
  linkType: hard

"@babel/helper-create-class-features-plugin@npm:^7.5.5, @babel/helper-create-class-features-plugin@npm:^7.6.0, @babel/helper-create-class-features-plugin@npm:^7.7.4":
  version: 7.7.4
  resolution: "@babel/helper-create-class-features-plugin@npm:7.7.4"
  dependencies:
    "@babel/helper-function-name": ^7.7.4
    "@babel/helper-member-expression-to-functions": ^7.7.4
    "@babel/helper-optimise-call-expression": ^7.7.4
    "@babel/helper-plugin-utils": ^7.0.0
    "@babel/helper-replace-supers": ^7.7.4
    "@babel/helper-split-export-declaration": ^7.7.4
  peerDependencies:
    "@babel/core": ^7.0.0
  checksum: 8d8181b4c167b46c09a584b005e1305333ad917d1e72b943fcb9fd5c034f095a44fa00e24d0cb2402e481f506357886d7b981675f5e36ddf527dd3bcb053b98a
  languageName: node
  linkType: hard

"@babel/helper-create-regexp-features-plugin@npm:^7.7.4":
  version: 7.7.4
  resolution: "@babel/helper-create-regexp-features-plugin@npm:7.7.4"
  dependencies:
    "@babel/helper-regex": ^7.4.4
    regexpu-core: ^4.6.0
  peerDependencies:
    "@babel/core": ^7.0.0
  checksum: 810ea51d6e43d95f77cb2ce7a4eba54531ffe56f80ae95af612ff63e1e722a3b04b3a7813382f9cca5a9d1d722b062b482f021fea7ba63546128d005c45b1012
  languageName: node
  linkType: hard

"@babel/helper-define-map@npm:^7.7.4":
  version: 7.7.4
  resolution: "@babel/helper-define-map@npm:7.7.4"
  dependencies:
    "@babel/helper-function-name": ^7.7.4
    "@babel/types": ^7.7.4
    lodash: ^4.17.13
  checksum: 6555e95c84b8927ffd10e395b4e53ad341406cf04a4d5c2710707cadb6ef6f7fc9b44475bd115901ff2882947256cf2fd32da708d31312078d34bfa94c760111
  languageName: node
  linkType: hard

"@babel/helper-explode-assignable-expression@npm:^7.7.4":
  version: 7.7.4
  resolution: "@babel/helper-explode-assignable-expression@npm:7.7.4"
  dependencies:
    "@babel/traverse": ^7.7.4
    "@babel/types": ^7.7.4
  checksum: 65318f27cdbf5745db076a9a4fdeb618b1de9efa3e9f650cb5edb60a7e10ca1fde6f2d39bb003ff7b07bbfea12f3c471bcd83c7c5fa4a7c69eb849514fd70510
  languageName: node
  linkType: hard

"@babel/helper-function-name@npm:^7.7.4":
  version: 7.7.4
  resolution: "@babel/helper-function-name@npm:7.7.4"
  dependencies:
    "@babel/helper-get-function-arity": ^7.7.4
    "@babel/template": ^7.7.4
    "@babel/types": ^7.7.4
  checksum: f8abaccb4ff4209a56022197f229d5422b47fc783abd30215ee316f8401c7d2d3a6c6344835e8107e6564051f9568ecce032860a93fb0a6cf7cfc4be771e192b
  languageName: node
  linkType: hard

"@babel/helper-get-function-arity@npm:^7.7.4":
  version: 7.7.4
  resolution: "@babel/helper-get-function-arity@npm:7.7.4"
  dependencies:
    "@babel/types": ^7.7.4
  checksum: 633c9f73dd8c401a181e8dc387d83d3bbdf1ca60316d25cce6f571c6df363cf1a813b2ac7af658187a401c3198ea731e7df1db51bb13048185d1c9a71ef10a72
  languageName: node
  linkType: hard

"@babel/helper-hoist-variables@npm:^7.7.4":
  version: 7.7.4
  resolution: "@babel/helper-hoist-variables@npm:7.7.4"
  dependencies:
    "@babel/types": ^7.7.4
  checksum: 22da2530a1b453f83f3ceff8f9e98ccdde55c2d153ad5866e394f2bb6511b206f4ee426404c26d3309d718c1a4bc81d49e746a3360f845eb57fc0235850cd895
  languageName: node
  linkType: hard

"@babel/helper-member-expression-to-functions@npm:^7.7.4":
  version: 7.7.4
  resolution: "@babel/helper-member-expression-to-functions@npm:7.7.4"
  dependencies:
    "@babel/types": ^7.7.4
  checksum: fb673aedc5974a46ccfa1e3f1896ef292984c80b5ccc1480ad6e5ce32af4560277e67d8d95422e6c13b05e9b7bae773c826958266dcd8d80ed7ea60a2fb5abe1
  languageName: node
  linkType: hard

"@babel/helper-module-imports@npm:^7.0.0, @babel/helper-module-imports@npm:^7.7.4":
  version: 7.7.4
  resolution: "@babel/helper-module-imports@npm:7.7.4"
  dependencies:
    "@babel/types": ^7.7.4
  checksum: a1e07a665a88dd68828b53b24cf7909834d5e338d59e222b3536f12d0d68e835d7fdf2c9104bac81ada6bfc51e69f1108bf8692497435e4f5557e74c378ebb56
  languageName: node
  linkType: hard

"@babel/helper-module-transforms@npm:^7.7.4":
  version: 7.7.4
  resolution: "@babel/helper-module-transforms@npm:7.7.4"
  dependencies:
    "@babel/helper-module-imports": ^7.7.4
    "@babel/helper-simple-access": ^7.7.4
    "@babel/helper-split-export-declaration": ^7.7.4
    "@babel/template": ^7.7.4
    "@babel/types": ^7.7.4
    lodash: ^4.17.13
  checksum: 92c8a8d20d34766b559082fcfa234870ee5a768dd88b5197351390423fbaadde6bab652747803158df845e8aed47ed65840317aa26a2d1ed266d835fbdd5a3fd
  languageName: node
  linkType: hard

"@babel/helper-optimise-call-expression@npm:^7.7.4":
  version: 7.7.4
  resolution: "@babel/helper-optimise-call-expression@npm:7.7.4"
  dependencies:
    "@babel/types": ^7.7.4
  checksum: 021337a934b38c8630b532d80e2750a42b4dea98a0803646dd4cc70e81cbb1fe0a8ebb602403132b56d23b14d8c5150b7d88e10f758502b8d7e0681bc9710505
  languageName: node
  linkType: hard

"@babel/helper-plugin-utils@npm:^7.0.0":
  version: 7.0.0
  resolution: "@babel/helper-plugin-utils@npm:7.0.0"
  checksum: d7f070bb3fb61544a16fa1f1835a8f317283feca4200feb6c1ee4b6a878c621b7d59fe55ef62d68148ece6387158d78d5711edbc8ed1568e4b0fb5ddb8efa69f
  languageName: node
  linkType: hard

"@babel/helper-regex@npm:^7.0.0, @babel/helper-regex@npm:^7.4.4":
  version: 7.5.5
  resolution: "@babel/helper-regex@npm:7.5.5"
  dependencies:
    lodash: ^4.17.13
  checksum: 68642030195523a978d271ab913c9cb813600f8a29d507db5eb444a2470ae65b985791347cee50703f999baa827853299769b3a303a46c7528dfdfda3f262fb1
  languageName: node
  linkType: hard

"@babel/helper-remap-async-to-generator@npm:^7.7.4":
  version: 7.7.4
  resolution: "@babel/helper-remap-async-to-generator@npm:7.7.4"
  dependencies:
    "@babel/helper-annotate-as-pure": ^7.7.4
    "@babel/helper-wrap-function": ^7.7.4
    "@babel/template": ^7.7.4
    "@babel/traverse": ^7.7.4
    "@babel/types": ^7.7.4
  checksum: 2fbb761ae637b8d77cb929744e0832d24b4ab0107d5c797d5a68cfaeb2b1cb774f0a4178be074eea99ed8ecfe03bae73f59fd6061b5c6ff39a5ec7a0b4b91891
  languageName: node
  linkType: hard

"@babel/helper-replace-supers@npm:^7.7.4":
  version: 7.7.4
  resolution: "@babel/helper-replace-supers@npm:7.7.4"
  dependencies:
    "@babel/helper-member-expression-to-functions": ^7.7.4
    "@babel/helper-optimise-call-expression": ^7.7.4
    "@babel/traverse": ^7.7.4
    "@babel/types": ^7.7.4
  checksum: 1e5b5be25b6377b98e64051724dbbddc746ae96d29f3c1040e8d6e5b3bd8d61870a1aa28f553ed76e51fc1d1d95f4fee75b89109fbbb5d9676326fda3dee237d
  languageName: node
  linkType: hard

"yarnv2-storybook@workspace:.":
  version: 0.0.0-use.local
  resolution: "yarnv2-storybook@workspace:."
  dependencies:
    "@babel/core": 7.7.4
    "@storybook/react": 5.2.6
    babel-loader: 8.0.6
    pnp-webpack-plugin: 1.5.0
    react: ^16.12.0
    react-dom: ^16.12.0
    react-scripts: 3.2.0
  dependenciesMeta:
    "@storybook/core":
      unplugged: true
  languageName: unknown
  linkType: soft

"@yarnpkg/parsers@workspace:^2.0.0-rc.6, @yarnpkg/parsers@workspace:packages/yarnpkg-parsers":
  version: 0.0.0-use.local
  resolution: "@yarnpkg/parsers@workspace:packages/yarnpkg-parsers"
  dependencies:
    js-yaml: ^3.10.0
    pegjs: ^0.10.0
  languageName: unknown
  linkType: soft